// !$*UTF8*$!
{
	archiveVersion = 1;
	classes = {
	};
	objectVersion = 56;
	objects = {

/* Begin PBXBuildFile section */
		AF4C1EE92A36CD6900F7B34B /* AppPracticaApp.swift in Sources */ = {isa = PBXBuildFile; fileRef = AF4C1EE82A36CD6900F7B34B /* AppPracticaApp.swift */; };
		AF4C1EEB2A36CD6900F7B34B /* ContentView.swift in Sources */ = {isa = PBXBuildFile; fileRef = AF4C1EEA2A36CD6900F7B34B /* ContentView.swift */; };
		AF4C1EED2A36CD6A00F7B34B /* Assets.xcassets in Resources */ = {isa = PBXBuildFile; fileRef = AF4C1EEC2A36CD6A00F7B34B /* Assets.xcassets */; };
		AF4C1EF02A36CD6A00F7B34B /* Preview Assets.xcassets in Resources */ = {isa = PBXBuildFile; fileRef = AF4C1EEF2A36CD6A00F7B34B /* Preview Assets.xcassets */; };
		AF4C1EF22A36CD6A00F7B34B /* Persistence.swift in Sources */ = {isa = PBXBuildFile; fileRef = AF4C1EF12A36CD6A00F7B34B /* Persistence.swift */; };
		AF4C1EF52A36CD6A00F7B34B /* AppPractica.xcdatamodeld in Sources */ = {isa = PBXBuildFile; fileRef = AF4C1EF32A36CD6A00F7B34B /* AppPractica.xcdatamodeld */; };
		AF4C1EFF2A36CD6A00F7B34B /* AppPracticaTests.swift in Sources */ = {isa = PBXBuildFile; fileRef = AF4C1EFE2A36CD6A00F7B34B /* AppPracticaTests.swift */; };
		AF4C1F092A36CD6A00F7B34B /* AppPracticaUITests.swift in Sources */ = {isa = PBXBuildFile; fileRef = AF4C1F082A36CD6A00F7B34B /* AppPracticaUITests.swift */; };
		AF4C1F0B2A36CD6A00F7B34B /* AppPracticaUITestsLaunchTests.swift in Sources */ = {isa = PBXBuildFile; fileRef = AF4C1F0A2A36CD6A00F7B34B /* AppPracticaUITestsLaunchTests.swift */; };
/* End PBXBuildFile section */

/* Begin PBXContainerItemProxy section */
		AF4C1EFB2A36CD6A00F7B34B /* PBXContainerItemProxy */ = {
			isa = PBXContainerItemProxy;
			containerPortal = AF4C1EDD2A36CD6900F7B34B /* Project object */;
			proxyType = 1;
			remoteGlobalIDString = AF4C1EE42A36CD6900F7B34B;
			remoteInfo = AppPractica;
		};
		AF4C1F052A36CD6A00F7B34B /* PBXContainerItemProxy */ = {
			isa = PBXContainerItemProxy;
			containerPortal = AF4C1EDD2A36CD6900F7B34B /* Project object */;
			proxyType = 1;
			remoteGlobalIDString = AF4C1EE42A36CD6900F7B34B;
			remoteInfo = AppPractica;
		};
/* End PBXContainerItemProxy section */

/* Begin PBXFileReference section */
		AF4C1EE52A36CD6900F7B34B /* AppPractica.app */ = {isa = PBXFileReference; explicitFileType = wrapper.application; includeInIndex = 0; path = AppPractica.app; sourceTree = BUILT_PRODUCTS_DIR; };
		AF4C1EE82A36CD6900F7B34B /* AppPracticaApp.swift */ = {isa = PBXFileReference; lastKnownFileType = sourcecode.swift; path = AppPracticaApp.swift; sourceTree = "<group>"; };
		AF4C1EEA2A36CD6900F7B34B /* ContentView.swift */ = {isa = PBXFileReference; lastKnownFileType = sourcecode.swift; path = ContentView.swift; sourceTree = "<group>"; };
		AF4C1EEC2A36CD6A00F7B34B /* Assets.xcassets */ = {isa = PBXFileReference; lastKnownFileType = folder.assetcatalog; path = Assets.xcassets; sourceTree = "<group>"; };
		AF4C1EEF2A36CD6A00F7B34B /* Preview Assets.xcassets */ = {isa = PBXFileReference; lastKnownFileType = folder.assetcatalog; path = "Preview Assets.xcassets"; sourceTree = "<group>"; };
		AF4C1EF12A36CD6A00F7B34B /* Persistence.swift */ = {isa = PBXFileReference; lastKnownFileType = sourcecode.swift; path = Persistence.swift; sourceTree = "<group>"; };
		AF4C1EF42A36CD6A00F7B34B /* AppPractica.xcdatamodel */ = {isa = PBXFileReference; lastKnownFileType = wrapper.xcdatamodel; path = AppPractica.xcdatamodel; sourceTree = "<group>"; };
		AF4C1EFA2A36CD6A00F7B34B /* AppPracticaTests.xctest */ = {isa = PBXFileReference; explicitFileType = wrapper.cfbundle; includeInIndex = 0; path = AppPracticaTests.xctest; sourceTree = BUILT_PRODUCTS_DIR; };
		AF4C1EFE2A36CD6A00F7B34B /* AppPracticaTests.swift */ = {isa = PBXFileReference; lastKnownFileType = sourcecode.swift; path = AppPracticaTests.swift; sourceTree = "<group>"; };
		AF4C1F042A36CD6A00F7B34B /* AppPracticaUITests.xctest */ = {isa = PBXFileReference; explicitFileType = wrapper.cfbundle; includeInIndex = 0; path = AppPracticaUITests.xctest; sourceTree = BUILT_PRODUCTS_DIR; };
		AF4C1F082A36CD6A00F7B34B /* AppPracticaUITests.swift */ = {isa = PBXFileReference; lastKnownFileType = sourcecode.swift; path = AppPracticaUITests.swift; sourceTree = "<group>"; };
		AF4C1F0A2A36CD6A00F7B34B /* AppPracticaUITestsLaunchTests.swift */ = {isa = PBXFileReference; lastKnownFileType = sourcecode.swift; path = AppPracticaUITestsLaunchTests.swift; sourceTree = "<group>"; };
/* End PBXFileReference section */

/* Begin PBXFrameworksBuildPhase section */
		AF4C1EE22A36CD6900F7B34B /* Frameworks */ = {
			isa = PBXFrameworksBuildPhase;
			buildActionMask = 2147483647;
			files = (
			);
			runOnlyForDeploymentPostprocessing = 0;
		};
		AF4C1EF72A36CD6A00F7B34B /* Frameworks */ = {
			isa = PBXFrameworksBuildPhase;
			buildActionMask = 2147483647;
			files = (
			);
			runOnlyForDeploymentPostprocessing = 0;
		};
		AF4C1F012A36CD6A00F7B34B /* Frameworks */ = {
			isa = PBXFrameworksBuildPhase;
			buildActionMask = 2147483647;
			files = (
			);
			runOnlyForDeploymentPostprocessing = 0;
		};
/* End PBXFrameworksBuildPhase section */

/* Begin PBXGroup section */
		AF4C1EDC2A36CD6900F7B34B = {
			isa = PBXGroup;
			children = (
				AF4C1EE72A36CD6900F7B34B /* AppPractica */,
				AF4C1EFD2A36CD6A00F7B34B /* AppPracticaTests */,
				AF4C1F072A36CD6A00F7B34B /* AppPracticaUITests */,
				AF4C1EE62A36CD6900F7B34B /* Products */,
			);
			sourceTree = "<group>";
		};
		AF4C1EE62A36CD6900F7B34B /* Products */ = {
			isa = PBXGroup;
			children = (
				AF4C1EE52A36CD6900F7B34B /* AppPractica.app */,
				AF4C1EFA2A36CD6A00F7B34B /* AppPracticaTests.xctest */,
				AF4C1F042A36CD6A00F7B34B /* AppPracticaUITests.xctest */,
			);
			name = Products;
			sourceTree = "<group>";
		};
		AF4C1EE72A36CD6900F7B34B /* AppPractica */ = {
			isa = PBXGroup;
			children = (
				AF4C1EE82A36CD6900F7B34B /* AppPracticaApp.swift */,
				AF4C1EEA2A36CD6900F7B34B /* ContentView.swift */,
				AF4C1EEC2A36CD6A00F7B34B /* Assets.xcassets */,
				AF4C1EF12A36CD6A00F7B34B /* Persistence.swift */,
				AF4C1EF32A36CD6A00F7B34B /* AppPractica.xcdatamodeld */,
				AF4C1EEE2A36CD6A00F7B34B /* Preview Content */,
			);
			path = AppPractica;
			sourceTree = "<group>";
		};
		AF4C1EEE2A36CD6A00F7B34B /* Preview Content */ = {
			isa = PBXGroup;
			children = (
				AF4C1EEF2A36CD6A00F7B34B /* Preview Assets.xcassets */,
			);
			path = "Preview Content";
			sourceTree = "<group>";
		};
		AF4C1EFD2A36CD6A00F7B34B /* AppPracticaTests */ = {
			isa = PBXGroup;
			children = (
				AF4C1EFE2A36CD6A00F7B34B /* AppPracticaTests.swift */,
			);
			path = AppPracticaTests;
			sourceTree = "<group>";
		};
		AF4C1F072A36CD6A00F7B34B /* AppPracticaUITests */ = {
			isa = PBXGroup;
			children = (
				AF4C1F082A36CD6A00F7B34B /* AppPracticaUITests.swift */,
				AF4C1F0A2A36CD6A00F7B34B /* AppPracticaUITestsLaunchTests.swift */,
			);
			path = AppPracticaUITests;
			sourceTree = "<group>";
		};
/* End PBXGroup section */

/* Begin PBXNativeTarget section */
		AF4C1EE42A36CD6900F7B34B /* AppPractica */ = {
			isa = PBXNativeTarget;
			buildConfigurationList = AF4C1F0E2A36CD6A00F7B34B /* Build configuration list for PBXNativeTarget "AppPractica" */;
			buildPhases = (
				AF4C1EE12A36CD6900F7B34B /* Sources */,
				AF4C1EE22A36CD6900F7B34B /* Frameworks */,
				AF4C1EE32A36CD6900F7B34B /* Resources */,
			);
			buildRules = (
			);
			dependencies = (
			);
			name = AppPractica;
			productName = AppPractica;
			productReference = AF4C1EE52A36CD6900F7B34B /* AppPractica.app */;
			productType = "com.apple.product-type.application";
		};
		AF4C1EF92A36CD6A00F7B34B /* AppPracticaTests */ = {
			isa = PBXNativeTarget;
			buildConfigurationList = AF4C1F112A36CD6A00F7B34B /* Build configuration list for PBXNativeTarget "AppPracticaTests" */;
			buildPhases = (
				AF4C1EF62A36CD6A00F7B34B /* Sources */,
				AF4C1EF72A36CD6A00F7B34B /* Frameworks */,
				AF4C1EF82A36CD6A00F7B34B /* Resources */,
			);
			buildRules = (
			);
			dependencies = (
				AF4C1EFC2A36CD6A00F7B34B /* PBXTargetDependency */,
			);
			name = AppPracticaTests;
			productName = AppPracticaTests;
			productReference = AF4C1EFA2A36CD6A00F7B34B /* AppPracticaTests.xctest */;
			productType = "com.apple.product-type.bundle.unit-test";
		};
		AF4C1F032A36CD6A00F7B34B /* AppPracticaUITests */ = {
			isa = PBXNativeTarget;
			buildConfigurationList = AF4C1F142A36CD6A00F7B34B /* Build configuration list for PBXNativeTarget "AppPracticaUITests" */;
			buildPhases = (
				AF4C1F002A36CD6A00F7B34B /* Sources */,
				AF4C1F012A36CD6A00F7B34B /* Frameworks */,
				AF4C1F022A36CD6A00F7B34B /* Resources */,
			);
			buildRules = (
			);
			dependencies = (
				AF4C1F062A36CD6A00F7B34B /* PBXTargetDependency */,
			);
			name = AppPracticaUITests;
			productName = AppPracticaUITests;
			productReference = AF4C1F042A36CD6A00F7B34B /* AppPracticaUITests.xctest */;
			productType = "com.apple.product-type.bundle.ui-testing";
		};
/* End PBXNativeTarget section */

/* Begin PBXProject section */
		AF4C1EDD2A36CD6900F7B34B /* Project object */ = {
			isa = PBXProject;
			attributes = {
				BuildIndependentTargetsInParallel = 1;
				LastSwiftUpdateCheck = 1430;
				LastUpgradeCheck = 1430;
				TargetAttributes = {
					AF4C1EE42A36CD6900F7B34B = {
						CreatedOnToolsVersion = 14.3.1;
					};
					AF4C1EF92A36CD6A00F7B34B = {
						CreatedOnToolsVersion = 14.3.1;
						TestTargetID = AF4C1EE42A36CD6900F7B34B;
					};
					AF4C1F032A36CD6A00F7B34B = {
						CreatedOnToolsVersion = 14.3.1;
						TestTargetID = AF4C1EE42A36CD6900F7B34B;
					};
				};
			};
			buildConfigurationList = AF4C1EE02A36CD6900F7B34B /* Build configuration list for PBXProject "AppPractica" */;
			compatibilityVersion = "Xcode 14.0";
			developmentRegion = en;
			hasScannedForEncodings = 0;
			knownRegions = (
				en,
				Base,
			);
			mainGroup = AF4C1EDC2A36CD6900F7B34B;
			productRefGroup = AF4C1EE62A36CD6900F7B34B /* Products */;
			projectDirPath = "";
			projectRoot = "";
			targets = (
				AF4C1EE42A36CD6900F7B34B /* AppPractica */,
				AF4C1EF92A36CD6A00F7B34B /* AppPracticaTests */,
				AF4C1F032A36CD6A00F7B34B /* AppPracticaUITests */,
			);
		};
/* End PBXProject section */

/* Begin PBXResourcesBuildPhase section */
		AF4C1EE32A36CD6900F7B34B /* Resources */ = {
			isa = PBXResourcesBuildPhase;
			buildActionMask = 2147483647;
			files = (
				AF4C1EF02A36CD6A00F7B34B /* Preview Assets.xcassets in Resources */,
				AF4C1EED2A36CD6A00F7B34B /* Assets.xcassets in Resources */,
			);
			runOnlyForDeploymentPostprocessing = 0;
		};
		AF4C1EF82A36CD6A00F7B34B /* Resources */ = {
			isa = PBXResourcesBuildPhase;
			buildActionMask = 2147483647;
			files = (
			);
			runOnlyForDeploymentPostprocessing = 0;
		};
		AF4C1F022A36CD6A00F7B34B /* Resources */ = {
			isa = PBXResourcesBuildPhase;
			buildActionMask = 2147483647;
			files = (
			);
			runOnlyForDeploymentPostprocessing = 0;
		};
/* End PBXResourcesBuildPhase section */

/* Begin PBXSourcesBuildPhase section */
		AF4C1EE12A36CD6900F7B34B /* Sources */ = {
			isa = PBXSourcesBuildPhase;
			buildActionMask = 2147483647;
			files = (
				AF4C1EF52A36CD6A00F7B34B /* AppPractica.xcdatamodeld in Sources */,
				AF4C1EF22A36CD6A00F7B34B /* Persistence.swift in Sources */,
				AF4C1EEB2A36CD6900F7B34B /* ContentView.swift in Sources */,
				AF4C1EE92A36CD6900F7B34B /* AppPracticaApp.swift in Sources */,
			);
			runOnlyForDeploymentPostprocessing = 0;
		};
		AF4C1EF62A36CD6A00F7B34B /* Sources */ = {
			isa = PBXSourcesBuildPhase;
			buildActionMask = 2147483647;
			files = (
				AF4C1EFF2A36CD6A00F7B34B /* AppPracticaTests.swift in Sources */,
			);
			runOnlyForDeploymentPostprocessing = 0;
		};
		AF4C1F002A36CD6A00F7B34B /* Sources */ = {
			isa = PBXSourcesBuildPhase;
			buildActionMask = 2147483647;
			files = (
				AF4C1F092A36CD6A00F7B34B /* AppPracticaUITests.swift in Sources */,
				AF4C1F0B2A36CD6A00F7B34B /* AppPracticaUITestsLaunchTests.swift in Sources */,
			);
			runOnlyForDeploymentPostprocessing = 0;
		};
/* End PBXSourcesBuildPhase section */

/* Begin PBXTargetDependency section */
		AF4C1EFC2A36CD6A00F7B34B /* PBXTargetDependency */ = {
			isa = PBXTargetDependency;
			target = AF4C1EE42A36CD6900F7B34B /* AppPractica */;
			targetProxy = AF4C1EFB2A36CD6A00F7B34B /* PBXContainerItemProxy */;
		};
		AF4C1F062A36CD6A00F7B34B /* PBXTargetDependency */ = {
			isa = PBXTargetDependency;
			target = AF4C1EE42A36CD6900F7B34B /* AppPractica */;
			targetProxy = AF4C1F052A36CD6A00F7B34B /* PBXContainerItemProxy */;
		};
/* End PBXTargetDependency section */

/* Begin XCBuildConfiguration section */
		AF4C1F0C2A36CD6A00F7B34B /* Debug */ = {
			isa = XCBuildConfiguration;
			buildSettings = {
				ALWAYS_SEARCH_USER_PATHS = NO;
				CLANG_ANALYZER_NONNULL = YES;
				CLANG_ANALYZER_NUMBER_OBJECT_CONVERSION = YES_AGGRESSIVE;
				CLANG_CXX_LANGUAGE_STANDARD = "gnu++20";
				CLANG_ENABLE_MODULES = YES;
				CLANG_ENABLE_OBJC_ARC = YES;
				CLANG_ENABLE_OBJC_WEAK = YES;
				CLANG_WARN_BLOCK_CAPTURE_AUTORELEASING = YES;
				CLANG_WARN_BOOL_CONVERSION = YES;
				CLANG_WARN_COMMA = YES;
				CLANG_WARN_CONSTANT_CONVERSION = YES;
				CLANG_WARN_DEPRECATED_OBJC_IMPLEMENTATIONS = YES;
				CLANG_WARN_DIRECT_OBJC_ISA_USAGE = YES_ERROR;
				CLANG_WARN_DOCUMENTATION_COMMENTS = YES;
				CLANG_WARN_EMPTY_BODY = YES;
				CLANG_WARN_ENUM_CONVERSION = YES;
				CLANG_WARN_INFINITE_RECURSION = YES;
				CLANG_WARN_INT_CONVERSION = YES;
				CLANG_WARN_NON_LITERAL_NULL_CONVERSION = YES;
				CLANG_WARN_OBJC_IMPLICIT_RETAIN_SELF = YES;
				CLANG_WARN_OBJC_LITERAL_CONVERSION = YES;
				CLANG_WARN_OBJC_ROOT_CLASS = YES_ERROR;
				CLANG_WARN_QUOTED_INCLUDE_IN_FRAMEWORK_HEADER = YES;
				CLANG_WARN_RANGE_LOOP_ANALYSIS = YES;
				CLANG_WARN_STRICT_PROTOTYPES = YES;
				CLANG_WARN_SUSPICIOUS_MOVE = YES;
				CLANG_WARN_UNGUARDED_AVAILABILITY = YES_AGGRESSIVE;
				CLANG_WARN_UNREACHABLE_CODE = YES;
				CLANG_WARN__DUPLICATE_METHOD_MATCH = YES;
				COPY_PHASE_STRIP = NO;
				DEBUG_INFORMATION_FORMAT = dwarf;
				ENABLE_STRICT_OBJC_MSGSEND = YES;
				ENABLE_TESTABILITY = YES;
				GCC_C_LANGUAGE_STANDARD = gnu11;
				GCC_DYNAMIC_NO_PIC = NO;
				GCC_NO_COMMON_BLOCKS = YES;
				GCC_OPTIMIZATION_LEVEL = 0;
				GCC_PREPROCESSOR_DEFINITIONS = (
					"DEBUG=1",
					"$(inherited)",
				);
				GCC_WARN_64_TO_32_BIT_CONVERSION = YES;
				GCC_WARN_ABOUT_RETURN_TYPE = YES_ERROR;
				GCC_WARN_UNDECLARED_SELECTOR = YES;
				GCC_WARN_UNINITIALIZED_AUTOS = YES_AGGRESSIVE;
				GCC_WARN_UNUSED_FUNCTION = YES;
				GCC_WARN_UNUSED_VARIABLE = YES;
				IPHONEOS_DEPLOYMENT_TARGET = 16.4;
				MTL_ENABLE_DEBUG_INFO = INCLUDE_SOURCE;
				MTL_FAST_MATH = YES;
				ONLY_ACTIVE_ARCH = YES;
				SDKROOT = iphoneos;
				SWIFT_ACTIVE_COMPILATION_CONDITIONS = DEBUG;
				SWIFT_OPTIMIZATION_LEVEL = "-Onone";
			};
			name = Debug;
		};
		AF4C1F0D2A36CD6A00F7B34B /* Release */ = {
			isa = XCBuildConfiguration;
			buildSettings = {
				ALWAYS_SEARCH_USER_PATHS = NO;
				CLANG_ANALYZER_NONNULL = YES;
				CLANG_ANALYZER_NUMBER_OBJECT_CONVERSION = YES_AGGRESSIVE;
				CLANG_CXX_LANGUAGE_STANDARD = "gnu++20";
				CLANG_ENABLE_MODULES = YES;
				CLANG_ENABLE_OBJC_ARC = YES;
				CLANG_ENABLE_OBJC_WEAK = YES;
				CLANG_WARN_BLOCK_CAPTURE_AUTORELEASING = YES;
				CLANG_WARN_BOOL_CONVERSION = YES;
				CLANG_WARN_COMMA = YES;
				CLANG_WARN_CONSTANT_CONVERSION = YES;
				CLANG_WARN_DEPRECATED_OBJC_IMPLEMENTATIONS = YES;
				CLANG_WARN_DIRECT_OBJC_ISA_USAGE = YES_ERROR;
				CLANG_WARN_DOCUMENTATION_COMMENTS = YES;
				CLANG_WARN_EMPTY_BODY = YES;
				CLANG_WARN_ENUM_CONVERSION = YES;
				CLANG_WARN_INFINITE_RECURSION = YES;
				CLANG_WARN_INT_CONVERSION = YES;
				CLANG_WARN_NON_LITERAL_NULL_CONVERSION = YES;
				CLANG_WARN_OBJC_IMPLICIT_RETAIN_SELF = YES;
				CLANG_WARN_OBJC_LITERAL_CONVERSION = YES;
				CLANG_WARN_OBJC_ROOT_CLASS = YES_ERROR;
				CLANG_WARN_QUOTED_INCLUDE_IN_FRAMEWORK_HEADER = YES;
				CLANG_WARN_RANGE_LOOP_ANALYSIS = YES;
				CLANG_WARN_STRICT_PROTOTYPES = YES;
				CLANG_WARN_SUSPICIOUS_MOVE = YES;
				CLANG_WARN_UNGUARDED_AVAILABILITY = YES_AGGRESSIVE;
				CLANG_WARN_UNREACHABLE_CODE = YES;
				CLANG_WARN__DUPLICATE_METHOD_MATCH = YES;
				COPY_PHASE_STRIP = NO;
				DEBUG_INFORMATION_FORMAT = "dwarf-with-dsym";
				ENABLE_NS_ASSERTIONS = NO;
				ENABLE_STRICT_OBJC_MSGSEND = YES;
				GCC_C_LANGUAGE_STANDARD = gnu11;
				GCC_NO_COMMON_BLOCKS = YES;
				GCC_WARN_64_TO_32_BIT_CONVERSION = YES;
				GCC_WARN_ABOUT_RETURN_TYPE = YES_ERROR;
				GCC_WARN_UNDECLARED_SELECTOR = YES;
				GCC_WARN_UNINITIALIZED_AUTOS = YES_AGGRESSIVE;
				GCC_WARN_UNUSED_FUNCTION = YES;
				GCC_WARN_UNUSED_VARIABLE = YES;
				IPHONEOS_DEPLOYMENT_TARGET = 16.4;
				MTL_ENABLE_DEBUG_INFO = NO;
				MTL_FAST_MATH = YES;
				SDKROOT = iphoneos;
				SWIFT_COMPILATION_MODE = wholemodule;
				SWIFT_OPTIMIZATION_LEVEL = "-O";
				VALIDATE_PRODUCT = YES;
			};
			name = Release;
		};
		AF4C1F0F2A36CD6A00F7B34B /* Debug */ = {
			isa = XCBuildConfiguration;
			buildSettings = {
				ASSETCATALOG_COMPILER_APPICON_NAME = AppIcon;
				ASSETCATALOG_COMPILER_GLOBAL_ACCENT_COLOR_NAME = AccentColor;
				CODE_SIGN_STYLE = Automatic;
				CURRENT_PROJECT_VERSION = 1;
				DEVELOPMENT_ASSET_PATHS = "\"AppPractica/Preview Content\"";
				DEVELOPMENT_TEAM = 9BY9RQP8PP;
				ENABLE_PREVIEWS = YES;
				GENERATE_INFOPLIST_FILE = YES;
				INFOPLIST_KEY_UIApplicationSceneManifest_Generation = YES;
				INFOPLIST_KEY_UIApplicationSupportsIndirectInputEvents = YES;
				INFOPLIST_KEY_UILaunchScreen_Generation = YES;
				INFOPLIST_KEY_UISupportedInterfaceOrientations_iPad = "UIInterfaceOrientationPortrait UIInterfaceOrientationPortraitUpsideDown UIInterfaceOrientationLandscapeLeft UIInterfaceOrientationLandscapeRight";
				INFOPLIST_KEY_UISupportedInterfaceOrientations_iPhone = "UIInterfaceOrientationPortrait UIInterfaceOrientationLandscapeLeft UIInterfaceOrientationLandscapeRight";
				LD_RUNPATH_SEARCH_PATHS = (
					"$(inherited)",
					"@executable_path/Frameworks",
				);
				MARKETING_VERSION = 1.0;
				PRODUCT_BUNDLE_IDENTIFIER = com.saram.AppPractica;
				PRODUCT_NAME = "$(TARGET_NAME)";
				SWIFT_EMIT_LOC_STRINGS = YES;
				SWIFT_VERSION = 5.0;
				TARGETED_DEVICE_FAMILY = "1,2";
			};
			name = Debug;
		};
		AF4C1F102A36CD6A00F7B34B /* Release */ = {
			isa = XCBuildConfiguration;
			buildSettings = {
				ASSETCATALOG_COMPILER_APPICON_NAME = AppIcon;
				ASSETCATALOG_COMPILER_GLOBAL_ACCENT_COLOR_NAME = AccentColor;
				CODE_SIGN_STYLE = Automatic;
				CURRENT_PROJECT_VERSION = 1;
				DEVELOPMENT_ASSET_PATHS = "\"AppPractica/Preview Content\"";
				DEVELOPMENT_TEAM = 9BY9RQP8PP;
				ENABLE_PREVIEWS = YES;
				GENERATE_INFOPLIST_FILE = YES;
				INFOPLIST_KEY_UIApplicationSceneManifest_Generation = YES;
				INFOPLIST_KEY_UIApplicationSupportsIndirectInputEvents = YES;
				INFOPLIST_KEY_UILaunchScreen_Generation = YES;
				INFOPLIST_KEY_UISupportedInterfaceOrientations_iPad = "UIInterfaceOrientationPortrait UIInterfaceOrientationPortraitUpsideDown UIInterfaceOrientationLandscapeLeft UIInterfaceOrientationLandscapeRight";
				INFOPLIST_KEY_UISupportedInterfaceOrientations_iPhone = "UIInterfaceOrientationPortrait UIInterfaceOrientationLandscapeLeft UIInterfaceOrientationLandscapeRight";
				LD_RUNPATH_SEARCH_PATHS = (
					"$(inherited)",
					"@executable_path/Frameworks",
				);
				MARKETING_VERSION = 1.0;
				PRODUCT_BUNDLE_IDENTIFIER = com.saram.AppPractica;
				PRODUCT_NAME = "$(TARGET_NAME)";
				SWIFT_EMIT_LOC_STRINGS = YES;
				SWIFT_VERSION = 5.0;
				TARGETED_DEVICE_FAMILY = "1,2";
			};
			name = Release;
		};
		AF4C1F122A36CD6A00F7B34B /* Debug */ = {
			isa = XCBuildConfiguration;
			buildSettings = {
				ALWAYS_EMBED_SWIFT_STANDARD_LIBRARIES = YES;
				BUNDLE_LOADER = "$(TEST_HOST)";
				CODE_SIGN_STYLE = Automatic;
				CURRENT_PROJECT_VERSION = 1;
				DEVELOPMENT_TEAM = 9BY9RQP8PP;
				GENERATE_INFOPLIST_FILE = YES;
				IPHONEOS_DEPLOYMENT_TARGET = 16.4;
				MARKETING_VERSION = 1.0;
				PRODUCT_BUNDLE_IDENTIFIER = com.saram.AppPracticaTests;
				PRODUCT_NAME = "$(TARGET_NAME)";
				SWIFT_EMIT_LOC_STRINGS = NO;
				SWIFT_VERSION = 5.0;
				TARGETED_DEVICE_FAMILY = "1,2";
				TEST_HOST = "$(BUILT_PRODUCTS_DIR)/AppPractica.app/$(BUNDLE_EXECUTABLE_FOLDER_PATH)/AppPractica";
			};
			name = Debug;
		};
		AF4C1F132A36CD6A00F7B34B /* Release */ = {
			isa = XCBuildConfiguration;
			buildSettings = {
				ALWAYS_EMBED_SWIFT_STANDARD_LIBRARIES = YES;
				BUNDLE_LOADER = "$(TEST_HOST)";
				CODE_SIGN_STYLE = Automatic;
				CURRENT_PROJECT_VERSION = 1;
				DEVELOPMENT_TEAM = 9BY9RQP8PP;
				GENERATE_INFOPLIST_FILE = YES;
				IPHONEOS_DEPLOYMENT_TARGET = 16.4;
				MARKETING_VERSION = 1.0;
				PRODUCT_BUNDLE_IDENTIFIER = com.saram.AppPracticaTests;
				PRODUCT_NAME = "$(TARGET_NAME)";
				SWIFT_EMIT_LOC_STRINGS = NO;
				SWIFT_VERSION = 5.0;
				TARGETED_DEVICE_FAMILY = "1,2";
				TEST_HOST = "$(BUILT_PRODUCTS_DIR)/AppPractica.app/$(BUNDLE_EXECUTABLE_FOLDER_PATH)/AppPractica";
			};
			name = Release;
		};
		AF4C1F152A36CD6A00F7B34B /* Debug */ = {
			isa = XCBuildConfiguration;
			buildSettings = {
				ALWAYS_EMBED_SWIFT_STANDARD_LIBRARIES = YES;
				CODE_SIGN_STYLE = Automatic;
				CURRENT_PROJECT_VERSION = 1;
				DEVELOPMENT_TEAM = 9BY9RQP8PP;
				GENERATE_INFOPLIST_FILE = YES;
				MARKETING_VERSION = 1.0;
				PRODUCT_BUNDLE_IDENTIFIER = com.saram.AppPracticaUITests;
				PRODUCT_NAME = "$(TARGET_NAME)";
				SWIFT_EMIT_LOC_STRINGS = NO;
				SWIFT_VERSION = 5.0;
				TARGETED_DEVICE_FAMILY = "1,2";
				TEST_TARGET_NAME = AppPractica;
			};
			name = Debug;
		};
		AF4C1F162A36CD6A00F7B34B /* Release */ = {
			isa = XCBuildConfiguration;
			buildSettings = {
				ALWAYS_EMBED_SWIFT_STANDARD_LIBRARIES = YES;
				CODE_SIGN_STYLE = Automatic;
				CURRENT_PROJECT_VERSION = 1;
				DEVELOPMENT_TEAM = 9BY9RQP8PP;
				GENERATE_INFOPLIST_FILE = YES;
				MARKETING_VERSION = 1.0;
				PRODUCT_BUNDLE_IDENTIFIER = com.saram.AppPracticaUITests;
				PRODUCT_NAME = "$(TARGET_NAME)";
				SWIFT_EMIT_LOC_STRINGS = NO;
				SWIFT_VERSION = 5.0;
				TARGETED_DEVICE_FAMILY = "1,2";
				TEST_TARGET_NAME = AppPractica;
			};
			name = Release;
		};
/* End XCBuildConfiguration section */

/* Begin XCConfigurationList section */
		AF4C1EE02A36CD6900F7B34B /* Build configuration list for PBXProject "AppPractica" */ = {
			isa = XCConfigurationList;
			buildConfigurations = (
				AF4C1F0C2A36CD6A00F7B34B /* Debug */,
				AF4C1F0D2A36CD6A00F7B34B /* Release */,
			);
			defaultConfigurationIsVisible = 0;
			defaultConfigurationName = Release;
		};
		AF4C1F0E2A36CD6A00F7B34B /* Build configuration list for PBXNativeTarget "AppPractica" */ = {
			isa = XCConfigurationList;
			buildConfigurations = (
				AF4C1F0F2A36CD6A00F7B34B /* Debug */,
				AF4C1F102A36CD6A00F7B34B /* Release */,
			);
			defaultConfigurationIsVisible = 0;
			defaultConfigurationName = Release;
		};
		AF4C1F112A36CD6A00F7B34B /* Build configuration list for PBXNativeTarget "AppPracticaTests" */ = {
			isa = XCConfigurationList;
			buildConfigurations = (
				AF4C1F122A36CD6A00F7B34B /* Debug */,
				AF4C1F132A36CD6A00F7B34B /* Release */,
			);
			defaultConfigurationIsVisible = 0;
			defaultConfigurationName = Release;
		};
		AF4C1F142A36CD6A00F7B34B /* Build configuration list for PBXNativeTarget "AppPracticaUITests" */ = {
			isa = XCConfigurationList;
			buildConfigurations = (
				AF4C1F152A36CD6A00F7B34B /* Debug */,
				AF4C1F162A36CD6A00F7B34B /* Release */,
			);
			defaultConfigurationIsVisible = 0;
			defaultConfigurationName = Release;
		};
/* End XCConfigurationList section */

/* Begin XCVersionGroup section */
		AF4C1EF32A36CD6A00F7B34B /* AppPractica.xcdatamodeld */ = {
			isa = XCVersionGroup;
			children = (
				AF4C1EF42A36CD6A00F7B34B /* AppPractica.xcdatamodel */,
			);
			currentVersion = AF4C1EF42A36CD6A00F7B34B /* AppPractica.xcdatamodel */;
			path = AppPractica.xcdatamodeld;
			sourceTree = "<group>";
			versionGroupType = wrapper.xcdatamodel;
		};
/* End XCVersionGroup section */
	};
	rootObject = AF4C1EDD2A36CD6900F7B34B /* Project object */;
}
